PODS:
  - Nimble (5.1.1)
  - ObjectMapper (2.1.0)
  - Quick (0.10.0)
  - Result (3.0.0)
  - RxSwift (3.0.1)

DEPENDENCIES:
  - Nimble (~> 5.1.0)
  - ObjectMapper (~> 2.1.0)
  - Quick (~> 0.10.0)
  - Result (~> 3.0.0)
  - RxSwift (~> 3.0.0)

SPEC CHECKSUMS:
  Nimble: 415e3aa3267e7bc2c96b05fa814ddea7bb686a29
  ObjectMapper: e5e0f8aef8590fc2ddcde7f27eddb255863ee6e9
  Quick: 5d290df1c69d5ee2f0729956dcf0fd9a30447eaa
  Result: 1b3e431f37cbcd3ad89c6aa9ab0ae55515fae3b6
  RxSwift: af5680055c4ad04480189c52d28385b1029493a6

PODFILE CHECKSUM: 56b520bb912ee40beea1408bee7666688265d49b

COCOAPODS: 1.1.1
