PODS:
  - Nimble (7.0.3)
  - ObjectMapper (3.1.0)
  - Quick (1.2.0)
  - Result (3.2.4)
  - RxSwift (4.1.1)

DEPENDENCIES:
  - Nimble (~> 7.0.3)
  - ObjectMapper (~> 3.1.0)
  - Quick (~> 1.2.0)
  - Result (~> 3.2.4)
  - RxSwift (~> 4.1.1)

SPEC CHECKSUMS:
  Nimble: 7f5a9c447a33002645a071bddafbfb24ea70e0ac
  ObjectMapper: 20505058f54e5c3ca69e1d6de9897d152a5369a6
  Quick: 58d203b1c5e27fff7229c4c1ae445ad7069a7a08
  Result: d2d07204ce72856f1fd9130bbe42c35a7b0fea10
  RxSwift: c6e3b1c7b325c7d121cd4327e9d98b7ed746b570

PODFILE CHECKSUM: c691b14bbe1ba83ffb5a380da3bc6e198c7a5a1b

COCOAPODS: 1.4.0.beta.2
