// !$*UTF8*$!
{
	archiveVersion = 1;
	classes = {
	};
	objectVersion = 46;
	objects = {

/* Begin PBXBuildFile section */
		03A5A49E200CA43600B62E44 /* ContentTypeSpec.swift in Sources */ = {isa = PBXBuildFile; fileRef = 03A5A49D200CA43600B62E44 /* ContentTypeSpec.swift */; };
		03A5A4A0200CA6AE00B62E44 /* HttpMethodSpec.swift in Sources */ = {isa = PBXBuildFile; fileRef = 03A5A49F200CA6AE00B62E44 /* HttpMethodSpec.swift */; };
		03A5A4A2200CAA0300B62E44 /* RageErrorSpec.swift in Sources */ = {isa = PBXBuildFile; fileRef = 03A5A4A1200CAA0300B62E44 /* RageErrorSpec.swift */; };
		03A5A4A4200CCD9700B62E44 /* RageExtensionsTests.swift in Sources */ = {isa = PBXBuildFile; fileRef = 03A5A4A3200CCD9700B62E44 /* RageExtensionsTests.swift */; };
		03A5A4A6200CE0BB00B62E44 /* RageResponseSpec.swift in Sources */ = {isa = PBXBuildFile; fileRef = 03A5A4A5200CE0BB00B62E44 /* RageResponseSpec.swift */; };
		03A5A4A8200CF63900B62E44 /* BodyRageRequestSpec.swift in Sources */ = {isa = PBXBuildFile; fileRef = 03A5A4A7200CF63900B62E44 /* BodyRageRequestSpec.swift */; };
		03A5A4AA200CF7DA00B62E44 /* SessionProvider.swift in Sources */ = {isa = PBXBuildFile; fileRef = 03A5A4A9200CF7DA00B62E44 /* SessionProvider.swift */; };
		03A5A4AB200CF96000B62E44 /* SessionProvider.swift in Sources */ = {isa = PBXBuildFile; fileRef = 03A5A4A9200CF7DA00B62E44 /* SessionProvider.swift */; };
		03A5A4AF200CFF3500B62E44 /* MultipartRageRequestSpec.swift in Sources */ = {isa = PBXBuildFile; fileRef = 03A5A4AE200CFF3500B62E44 /* MultipartRageRequestSpec.swift */; };
		03A5A4B2200D0C2E00B62E44 /* .swiftlint.yml in Resources */ = {isa = PBXBuildFile; fileRef = 03A5A4B1200D0C2E00B62E44 /* .swiftlint.yml */; };
		03A5A4B4200E0BD200B62E44 /* RageObjectMapper.swift in Sources */ = {isa = PBXBuildFile; fileRef = 5D7AA0A2EDEB7B06CFF6918F /* RageObjectMapper.swift */; };
		03A5A4B5200E0BD800B62E44 /* RxSwiftAndObjectMapper.swift in Sources */ = {isa = PBXBuildFile; fileRef = 5D7AA3EBB7A7D1F3AB3CD90E /* RxSwiftAndObjectMapper.swift */; };
		52FA48B02BEE3892D8EE8E88 /* Pods_RageExample.framework in Frameworks */ = {isa = PBXBuildFile; fileRef = 8B4FB44182B4551825A6968F /* Pods_RageExample.framework */; };
		5D7AA005E7546F33D358ED2D /* RageExtensions.swift in Sources */ = {isa = PBXBuildFile; fileRef = 5D7AA110A7F9F32C9B681A1D /* RageExtensions.swift */; };
		5D7AA0D4A46C2764512048AD /* URLBuilder.swift in Sources */ = {isa = PBXBuildFile; fileRef = 5D7AA9F2BAD9E92587DE60EF /* URLBuilder.swift */; };
		5D7AA12273A3D6F2878DCDFC /* ContentType.swift in Sources */ = {isa = PBXBuildFile; fileRef = 5D7AA014546BC9C0AD6E0557 /* ContentType.swift */; };
		5D7AA1B1557BE959038A39A3 /* URLBuilder.swift in Sources */ = {isa = PBXBuildFile; fileRef = 5D7AA9F2BAD9E92587DE60EF /* URLBuilder.swift */; };
		5D7AA1C68311D857580BD6B5 /* StubMode.swift in Sources */ = {isa = PBXBuildFile; fileRef = 5D7AA30C600E591FBF47B181 /* StubMode.swift */; };
		5D7AA1E642193FC1EE55D80F /* MultipartRageRequest.swift in Sources */ = {isa = PBXBuildFile; fileRef = 5D7AA538C6E4F5A3638AF790 /* MultipartRageRequest.swift */; };
		5D7AA296D7038844004D5CC3 /* MultipartRageRequest.swift in Sources */ = {isa = PBXBuildFile; fileRef = 5D7AA538C6E4F5A3638AF790 /* MultipartRageRequest.swift */; };
		5D7AA2CF1FDEAB219F857B1A /* TestErrorHandler.swift in Sources */ = {isa = PBXBuildFile; fileRef = 5D7AAFB531E4BA1EEB49D957 /* TestErrorHandler.swift */; };
		5D7AA2E302FE50515C0F2A0D /* TestPlugin.swift in Sources */ = {isa = PBXBuildFile; fileRef = 5D7AACA3FA4BE9D444F80A91 /* TestPlugin.swift */; };
		5D7AA2F0F4C256CF08A079B8 /* ErrorHandling.swift in Sources */ = {isa = PBXBuildFile; fileRef = 5D7AA8083F5452317A215EE1 /* ErrorHandling.swift */; };
		5D7AA3939662D37EB4740A5A /* RageRxSwift.swift in Sources */ = {isa = PBXBuildFile; fileRef = 5D7AAE438A7955F7C8A06871 /* RageRxSwift.swift */; };
		5D7AA395512C05CDB112EF45 /* HttpMethodExtension.swift in Sources */ = {isa = PBXBuildFile; fileRef = 5D7AAE6E67626F8054F85A65 /* HttpMethodExtension.swift */; };
		5D7AA3B54CBE1FD1C08B7110 /* Authenticator.swift in Sources */ = {isa = PBXBuildFile; fileRef = 5D7AA6010DF92B82EE914961 /* Authenticator.swift */; };
		5D7AA4E0F1802A3257DB3B1C /* TestPlugin.swift in Sources */ = {isa = PBXBuildFile; fileRef = 5D7AACA3FA4BE9D444F80A91 /* TestPlugin.swift */; };
		5D7AA56BB54A1BAD12657245 /* ContentTypeExtensions.swift in Sources */ = {isa = PBXBuildFile; fileRef = 5D7AA3B0F3E8FCC8F4F2AB50 /* ContentTypeExtensions.swift */; };
		5D7AA58A91CE237AE8F4D697 /* StubModeExtension.swift in Sources */ = {isa = PBXBuildFile; fileRef = 5D7AAB58337201A42DD3EBC6 /* StubModeExtension.swift */; };
		5D7AA58BFA967DE7CAAED0DA /* TypedObject.swift in Sources */ = {isa = PBXBuildFile; fileRef = 5D7AAB714E0814604A077C4A /* TypedObject.swift */; };
		5D7AA592A1050C33E405C623 /* RageRequest.swift in Sources */ = {isa = PBXBuildFile; fileRef = 5D7AAD25133CE41969B1B048 /* RageRequest.swift */; };
		5D7AA5A0D1F7F24EAAB7D2D4 /* ContentTypeExtensions.swift in Sources */ = {isa = PBXBuildFile; fileRef = 5D7AA3B0F3E8FCC8F4F2AB50 /* ContentTypeExtensions.swift */; };
		5D7AA6066364F6F125D46980 /* TestErrorHandler.swift in Sources */ = {isa = PBXBuildFile; fileRef = 5D7AAFB531E4BA1EEB49D957 /* TestErrorHandler.swift */; };
		5D7AA60F929F44CBF8CE37FE /* ExampleAPI.swift in Sources */ = {isa = PBXBuildFile; fileRef = 5D7AAA9B8A155171C0902D34 /* ExampleAPI.swift */; };
		5D7AA6622ED2B991A9C1C8C6 /* BodyRageRequest.swift in Sources */ = {isa = PBXBuildFile; fileRef = 5D7AA4AB5741E12AA09C9FE0 /* BodyRageRequest.swift */; };
		5D7AA69614261312C65E718F /* RageClientConfiguration.swift in Sources */ = {isa = PBXBuildFile; fileRef = 5D7AA7ED9B86E240CC9A6162 /* RageClientConfiguration.swift */; };
		5D7AA69B0B93E2399C43DC9A /* ContributorsTableViewController.swift in Sources */ = {isa = PBXBuildFile; fileRef = 5D7AA2BC4744202A073AE75D /* ContributorsTableViewController.swift */; };
		5D7AA6A3A5E25DFC6D483156 /* RageRxSwift.swift in Sources */ = {isa = PBXBuildFile; fileRef = 5D7AAE438A7955F7C8A06871 /* RageRxSwift.swift */; };
		5D7AA6A83DA0681E0598C7FF /* GithubRepository.swift in Sources */ = {isa = PBXBuildFile; fileRef = 5D7AA3172D197A6B0C1366E3 /* GithubRepository.swift */; };
		5D7AA6E653D9ACF6A3F7FB7E /* RageClientConfiguration.swift in Sources */ = {isa = PBXBuildFile; fileRef = 5D7AA7ED9B86E240CC9A6162 /* RageClientConfiguration.swift */; };
		5D7AA71420AAE6E571E2C9C6 /* LaunchScreen.storyboard in Resources */ = {isa = PBXBuildFile; fileRef = 5D7AAD207F88410504C7CD11 /* LaunchScreen.storyboard */; };
		5D7AA734318F4A5BE91CAD75 /* Main.storyboard in Resources */ = {isa = PBXBuildFile; fileRef = 5D7AA7A338D139BDE07EB748 /* Main.storyboard */; };
		5D7AA73BCD95EC4A56B60EF2 /* ActivityIndicatorPlugin.swift in Sources */ = {isa = PBXBuildFile; fileRef = 5D7AA94210E97028A6ADA16E /* ActivityIndicatorPlugin.swift */; };
		5D7AA7440CD3052534B0E8E4 /* RageClientSpec.swift in Sources */ = {isa = PBXBuildFile; fileRef = 5D7AABE84706F0D726F56CAE /* RageClientSpec.swift */; };
		5D7AA7654E178D669FBC954D /* HttpMethodExtension.swift in Sources */ = {isa = PBXBuildFile; fileRef = 5D7AAE6E67626F8054F85A65 /* HttpMethodExtension.swift */; };
		5D7AA77C36FEC3C82CB58852 /* RageSpec.swift in Sources */ = {isa = PBXBuildFile; fileRef = 5D7AA355BFFA26A6C861DC05 /* RageSpec.swift */; };
		5D7AA782CB65E6865FE9B672 /* RageResponse.swift in Sources */ = {isa = PBXBuildFile; fileRef = 5D7AAABA02C265EC48DE010E /* RageResponse.swift */; };
		5D7AA812264980BEFAF8E86E /* ErrorHandler.swift in Sources */ = {isa = PBXBuildFile; fileRef = 5D7AACEE6CA1F7F0181C4641 /* ErrorHandler.swift */; };
		5D7AA8328FE871B434744D7A /* LoggingPlugin.swift in Sources */ = {isa = PBXBuildFile; fileRef = 5D7AAD6A0C8804A7E2AC02FB /* LoggingPlugin.swift */; };
		5D7AA837A3525EC3E7218520 /* TypedObject.swift in Sources */ = {isa = PBXBuildFile; fileRef = 5D7AAB714E0814604A077C4A /* TypedObject.swift */; };
		5D7AA8386115502C2174E824 /* RageRequestSpec.swift in Sources */ = {isa = PBXBuildFile; fileRef = 5D7AA253B3CC4970E4CFB5C6 /* RageRequestSpec.swift */; };
		5D7AA87C32296FCDF45438AD /* StubData.swift in Sources */ = {isa = PBXBuildFile; fileRef = 5D7AA16F930E63B5C4E5089E /* StubData.swift */; };
		5D7AA89DED76456AB34CBCDB /* GithubUser.swift in Sources */ = {isa = PBXBuildFile; fileRef = 5D7AAB6F79FF0F8B8A4D04C1 /* GithubUser.swift */; };
		5D7AA989EEF3B3CD74075AC2 /* HttpMethod.swift in Sources */ = {isa = PBXBuildFile; fileRef = 5D7AA53697C908211ECE80BF /* HttpMethod.swift */; };
		5D7AA9AD19B233F00EEF8ABE /* RageClient.swift in Sources */ = {isa = PBXBuildFile; fileRef = 5D7AA1801D16E7AB3F09AD4D /* RageClient.swift */; };
		5D7AA9D696C82DFE5CEFE340 /* TestAuthenticator.swift in Sources */ = {isa = PBXBuildFile; fileRef = 5D7AA755A7693163A6077844 /* TestAuthenticator.swift */; };
		5D7AA9E351C4F5B754403596 /* RageError.swift in Sources */ = {isa = PBXBuildFile; fileRef = 5D7AAEE25ABE680A25C3C18A /* RageError.swift */; };
		5D7AA9FE2E30A380252F8EB8 /* RequestDescription.swift in Sources */ = {isa = PBXBuildFile; fileRef = 5D7AA60ED89EB1D7051B1BEB /* RequestDescription.swift */; };
		5D7AAB2A691549A019C13B35 /* AppDelegate.swift in Sources */ = {isa = PBXBuildFile; fileRef = 5D7AA51C1CF6F78649676154 /* AppDelegate.swift */; };
		5D7AAB5C12015C90FFD58DC8 /* RagePlugin.swift in Sources */ = {isa = PBXBuildFile; fileRef = 5D7AA038A8D4D8766817AADD /* RagePlugin.swift */; };
		5D7AAB6E969661328D3F457E /* BodyRageRequest.swift in Sources */ = {isa = PBXBuildFile; fileRef = 5D7AA4AB5741E12AA09C9FE0 /* BodyRageRequest.swift */; };
		5D7AAB7620F46F4200390CC4 /* FormUrlEncodedRequest.swift in Sources */ = {isa = PBXBuildFile; fileRef = 5D7AAE7B6F8D5EE0D8374396 /* FormUrlEncodedRequest.swift */; };
		5D7AAC1959A6B3ED3FFC33C6 /* RageRequest.swift in Sources */ = {isa = PBXBuildFile; fileRef = 5D7AAD25133CE41969B1B048 /* RageRequest.swift */; };
		5D7AAC1D387438BF350E80BF /* StubMode.swift in Sources */ = {isa = PBXBuildFile; fileRef = 5D7AA30C600E591FBF47B181 /* StubMode.swift */; };
		5D7AAD04A86AAA3F90E36BD8 /* ParamsBuilder.swift in Sources */ = {isa = PBXBuildFile; fileRef = 5D7AA0B3847F859305A59DD9 /* ParamsBuilder.swift */; };
		5D7AAD1928E32B7E589CCE7A /* ActivityIndicatorPlugin.swift in Sources */ = {isa = PBXBuildFile; fileRef = 5D7AA94210E97028A6ADA16E /* ActivityIndicatorPlugin.swift */; };
		5D7AAD595981BAB5FC2DBCD7 /* ErrorHandler.swift in Sources */ = {isa = PBXBuildFile; fileRef = 5D7AACEE6CA1F7F0181C4641 /* ErrorHandler.swift */; };
		5D7AADF5F284E1850CBEA0D0 /* StubModeExtension.swift in Sources */ = {isa = PBXBuildFile; fileRef = 5D7AAB58337201A42DD3EBC6 /* StubModeExtension.swift */; };
		5D7AAE66E31CD58C591A0F94 /* Rage.swift in Sources */ = {isa = PBXBuildFile; fileRef = 5D7AAA2ED83599A807D03DD6 /* Rage.swift */; };
		5D7AAE959FDA5000630D2817 /* RequestDescription.swift in Sources */ = {isa = PBXBuildFile; fileRef = 5D7AA60ED89EB1D7051B1BEB /* RequestDescription.swift */; };
		5D7AAEAE92F67F887E3EE838 /* LoggingPlugin.swift in Sources */ = {isa = PBXBuildFile; fileRef = 5D7AAD6A0C8804A7E2AC02FB /* LoggingPlugin.swift */; };
		5D7AAF3A2DF541EA930C815A /* ParamsBuilderSpec.swift in Sources */ = {isa = PBXBuildFile; fileRef = 5D7AA3B4B231305058C85580 /* ParamsBuilderSpec.swift */; };
		5D7AAF6B6AA4A7B798BB319E /* StubData.swift in Sources */ = {isa = PBXBuildFile; fileRef = 5D7AA16F930E63B5C4E5089E /* StubData.swift */; };
		5D7AAF6D30B8A23FD35FB7D0 /* GithubError.swift in Sources */ = {isa = PBXBuildFile; fileRef = 5D7AAC5C02D8D4CB72D42431 /* GithubError.swift */; };
		5D7AAF746650337B337CE2B0 /* TestAuthenticator.swift in Sources */ = {isa = PBXBuildFile; fileRef = 5D7AA755A7693163A6077844 /* TestAuthenticator.swift */; };
		5D7AAF983974E2E04C03E5D6 /* FormUrlEncodedRequest.swift in Sources */ = {isa = PBXBuildFile; fileRef = 5D7AAE7B6F8D5EE0D8374396 /* FormUrlEncodedRequest.swift */; };
		5D7AAF9A1D092BB5C5747087 /* GithubOrganization.swift in Sources */ = {isa = PBXBuildFile; fileRef = 5D7AAD6C2F27E145E852CD7B /* GithubOrganization.swift */; };
		5D7AAFC5E6F1BA7B2CFAB68A /* RageClient.swift in Sources */ = {isa = PBXBuildFile; fileRef = 5D7AA1801D16E7AB3F09AD4D /* RageClient.swift */; };
		67E8752EADB3DBB79F07CBE6 /* Pods_Rage.framework in Frameworks */ = {isa = PBXBuildFile; fileRef = 59BABD01308B645A3D15ABEF /* Pods_Rage.framework */; };
		8A2379F91E093EEF00D20E72 /* RepoTableViewController.swift in Sources */ = {isa = PBXBuildFile; fileRef = 8A2379F81E093EEF00D20E72 /* RepoTableViewController.swift */; };
		8A2379FF1E09481E00D20E72 /* TableViewController.xib in Resources */ = {isa = PBXBuildFile; fileRef = 8A2379FD1E09481E00D20E72 /* TableViewController.xib */; };
		8A6748D01D6B37200064467F /* Rage.h in Headers */ = {isa = PBXBuildFile; fileRef = 8A6748CF1D6B37200064467F /* Rage.h */; settings = {ATTRIBUTES = (Public, ); }; };
		8A6748D71D6B37200064467F /* Rage.framework in Frameworks */ = {isa = PBXBuildFile; fileRef = 8A6748CC1D6B37200064467F /* Rage.framework */; };
		8A6748F41D6B37620064467F /* Assets.xcassets in Resources */ = {isa = PBXBuildFile; fileRef = 8A6748F31D6B37620064467F /* Assets.xcassets */; };
		8A7B084B1D6EF41300A61194 /* Authenticator.swift in Sources */ = {isa = PBXBuildFile; fileRef = 5D7AA6010DF92B82EE914961 /* Authenticator.swift */; };
		8A7B084C1D6F10B800A61194 /* RagePlugin.swift in Sources */ = {isa = PBXBuildFile; fileRef = 5D7AA038A8D4D8766817AADD /* RagePlugin.swift */; };
		8A7B084D1D6F10E700A61194 /* RageResponse.swift in Sources */ = {isa = PBXBuildFile; fileRef = 5D7AAABA02C265EC48DE010E /* RageResponse.swift */; };
		8AA2E7FD1D6B414600E76B52 /* Rage.framework in Frameworks */ = {isa = PBXBuildFile; fileRef = 8A6748CC1D6B37200064467F /* Rage.framework */; };
		8AA2E7FE1D6B414600E76B52 /* Rage.framework in Embed Frameworks */ = {isa = PBXBuildFile; fileRef = 8A6748CC1D6B37200064467F /* Rage.framework */; settings = {ATTRIBUTES = (CodeSignOnCopy, RemoveHeadersOnCopy, ); }; };
		8AA2E8031D6B467700E76B52 /* ContentType.swift in Sources */ = {isa = PBXBuildFile; fileRef = 5D7AA014546BC9C0AD6E0557 /* ContentType.swift */; };
		8AA2E8041D6B467700E76B52 /* ParamsBuilder.swift in Sources */ = {isa = PBXBuildFile; fileRef = 5D7AA0B3847F859305A59DD9 /* ParamsBuilder.swift */; };
		8AA2E8051D6B467700E76B52 /* HttpMethod.swift in Sources */ = {isa = PBXBuildFile; fileRef = 5D7AA53697C908211ECE80BF /* HttpMethod.swift */; };
		8AA2E8071D6B467700E76B52 /* Rage.swift in Sources */ = {isa = PBXBuildFile; fileRef = 5D7AAA2ED83599A807D03DD6 /* Rage.swift */; };
		8AA2E8081D6B467700E76B52 /* RageError.swift in Sources */ = {isa = PBXBuildFile; fileRef = 5D7AAEE25ABE680A25C3C18A /* RageError.swift */; };
		8AA2E8091D6B467700E76B52 /* RageExtensions.swift in Sources */ = {isa = PBXBuildFile; fileRef = 5D7AA110A7F9F32C9B681A1D /* RageExtensions.swift */; };
		EB22CA5687E77F13AD010497 /* Pods_RageTests.framework in Frameworks */ = {isa = PBXBuildFile; fileRef = 47E34C933CD31EAC73F744D1 /* Pods_RageTests.framework */; };
/* End PBXBuildFile section */

/* Begin PBXContainerItemProxy section */
		8A6748D81D6B37200064467F /* PBXContainerItemProxy */ = {
			isa = PBXContainerItemProxy;
			containerPortal = 8A6748C31D6B37200064467F /* Project object */;
			proxyType = 1;
			remoteGlobalIDString = 8A6748CB1D6B37200064467F;
			remoteInfo = Rage;
		};
		8AA2E7FF1D6B414600E76B52 /* PBXContainerItemProxy */ = {
			isa = PBXContainerItemProxy;
			containerPortal = 8A6748C31D6B37200064467F /* Project object */;
			proxyType = 1;
			remoteGlobalIDString = 8A6748CB1D6B37200064467F;
			remoteInfo = Rage;
		};
/* End PBXContainerItemProxy section */

/* Begin PBXCopyFilesBuildPhase section */
		8AA2E8011D6B414600E76B52 /* Embed Frameworks */ = {
			isa = PBXCopyFilesBuildPhase;
			buildActionMask = 2147483647;
			dstPath = "";
			dstSubfolderSpec = 10;
			files = (
				8AA2E7FE1D6B414600E76B52 /* Rage.framework in Embed Frameworks */,
			);
			name = "Embed Frameworks";
			runOnlyForDeploymentPostprocessing = 0;
		};
/* End PBXCopyFilesBuildPhase section */

/* Begin PBXFileReference section */
		03A5A49D200CA43600B62E44 /* ContentTypeSpec.swift */ = {isa = PBXFileReference; lastKnownFileType = sourcecode.swift; path = ContentTypeSpec.swift; sourceTree = "<group>"; };
		03A5A49F200CA6AE00B62E44 /* HttpMethodSpec.swift */ = {isa = PBXFileReference; lastKnownFileType = sourcecode.swift; path = HttpMethodSpec.swift; sourceTree = "<group>"; };
		03A5A4A1200CAA0300B62E44 /* RageErrorSpec.swift */ = {isa = PBXFileReference; lastKnownFileType = sourcecode.swift; path = RageErrorSpec.swift; sourceTree = "<group>"; };
		03A5A4A3200CCD9700B62E44 /* RageExtensionsTests.swift */ = {isa = PBXFileReference; lastKnownFileType = sourcecode.swift; path = RageExtensionsTests.swift; sourceTree = "<group>"; };
		03A5A4A5200CE0BB00B62E44 /* RageResponseSpec.swift */ = {isa = PBXFileReference; lastKnownFileType = sourcecode.swift; path = RageResponseSpec.swift; sourceTree = "<group>"; };
		03A5A4A7200CF63900B62E44 /* BodyRageRequestSpec.swift */ = {isa = PBXFileReference; lastKnownFileType = sourcecode.swift; path = BodyRageRequestSpec.swift; sourceTree = "<group>"; };
		03A5A4A9200CF7DA00B62E44 /* SessionProvider.swift */ = {isa = PBXFileReference; lastKnownFileType = sourcecode.swift; path = SessionProvider.swift; sourceTree = "<group>"; };
		03A5A4AE200CFF3500B62E44 /* MultipartRageRequestSpec.swift */ = {isa = PBXFileReference; lastKnownFileType = sourcecode.swift; path = MultipartRageRequestSpec.swift; sourceTree = "<group>"; };
		03A5A4B1200D0C2E00B62E44 /* .swiftlint.yml */ = {isa = PBXFileReference; fileEncoding = 4; lastKnownFileType = text; path = .swiftlint.yml; sourceTree = "<group>"; };
		0E86BE2517D3A8EE8117D9F5 /* Pods-Rage.debug.xcconfig */ = {isa = PBXFileReference; includeInIndex = 1; lastKnownFileType = text.xcconfig; name = "Pods-Rage.debug.xcconfig"; path = "Pods/Target Support Files/Pods-Rage/Pods-Rage.debug.xcconfig"; sourceTree = "<group>"; };
		321B8AC3666CFDC9EC4DD397 /* Pods-RageExample.debug.xcconfig */ = {isa = PBXFileReference; includeInIndex = 1; lastKnownFileType = text.xcconfig; name = "Pods-RageExample.debug.xcconfig"; path = "Pods/Target Support Files/Pods-RageExample/Pods-RageExample.debug.xcconfig"; sourceTree = "<group>"; };
		47E34C933CD31EAC73F744D1 /* Pods_RageTests.framework */ = {isa = PBXFileReference; explicitFileType = wrapper.framework; includeInIndex = 0; path = Pods_RageTests.framework; sourceTree = BUILT_PRODUCTS_DIR; };
		59BABD01308B645A3D15ABEF /* Pods_Rage.framework */ = {isa = PBXFileReference; explicitFileType = wrapper.framework; includeInIndex = 0; path = Pods_Rage.framework; sourceTree = BUILT_PRODUCTS_DIR; };
		5D7AA014546BC9C0AD6E0557 /* ContentType.swift */ = {isa = PBXFileReference; fileEncoding = 4; lastKnownFileType = sourcecode.swift; path = ContentType.swift; sourceTree = "<group>"; };
		5D7AA038A8D4D8766817AADD /* RagePlugin.swift */ = {isa = PBXFileReference; fileEncoding = 4; lastKnownFileType = sourcecode.swift; path = RagePlugin.swift; sourceTree = "<group>"; };
		5D7AA0A2EDEB7B06CFF6918F /* RageObjectMapper.swift */ = {isa = PBXFileReference; fileEncoding = 4; lastKnownFileType = sourcecode.swift; path = RageObjectMapper.swift; sourceTree = "<group>"; };
		5D7AA0B3847F859305A59DD9 /* ParamsBuilder.swift */ = {isa = PBXFileReference; fileEncoding = 4; lastKnownFileType = sourcecode.swift; path = ParamsBuilder.swift; sourceTree = "<group>"; };
		5D7AA110A7F9F32C9B681A1D /* RageExtensions.swift */ = {isa = PBXFileReference; fileEncoding = 4; lastKnownFileType = sourcecode.swift; path = RageExtensions.swift; sourceTree = "<group>"; };
		5D7AA16F930E63B5C4E5089E /* StubData.swift */ = {isa = PBXFileReference; fileEncoding = 4; lastKnownFileType = sourcecode.swift; path = StubData.swift; sourceTree = "<group>"; };
		5D7AA1801D16E7AB3F09AD4D /* RageClient.swift */ = {isa = PBXFileReference; fileEncoding = 4; lastKnownFileType = sourcecode.swift; path = RageClient.swift; sourceTree = "<group>"; };
		5D7AA253B3CC4970E4CFB5C6 /* RageRequestSpec.swift */ = {isa = PBXFileReference; fileEncoding = 4; lastKnownFileType = sourcecode.swift; path = RageRequestSpec.swift; sourceTree = "<group>"; };
		5D7AA2BC4744202A073AE75D /* ContributorsTableViewController.swift */ = {isa = PBXFileReference; fileEncoding = 4; lastKnownFileType = sourcecode.swift; path = ContributorsTableViewController.swift; sourceTree = "<group>"; };
		5D7AA2FD7CB4399F66B06DEE /* .gitignore */ = {isa = PBXFileReference; lastKnownFileType = file.gitignore; path = .gitignore; sourceTree = "<group>"; };
		5D7AA30C600E591FBF47B181 /* StubMode.swift */ = {isa = PBXFileReference; fileEncoding = 4; lastKnownFileType = sourcecode.swift; path = StubMode.swift; sourceTree = "<group>"; };
		5D7AA3172D197A6B0C1366E3 /* GithubRepository.swift */ = {isa = PBXFileReference; fileEncoding = 4; lastKnownFileType = sourcecode.swift; path = GithubRepository.swift; sourceTree = "<group>"; };
		5D7AA355BFFA26A6C861DC05 /* RageSpec.swift */ = {isa = PBXFileReference; fileEncoding = 4; lastKnownFileType = sourcecode.swift; path = RageSpec.swift; sourceTree = "<group>"; };
		5D7AA3B0F3E8FCC8F4F2AB50 /* ContentTypeExtensions.swift */ = {isa = PBXFileReference; fileEncoding = 4; lastKnownFileType = sourcecode.swift; path = ContentTypeExtensions.swift; sourceTree = "<group>"; };
		5D7AA3B4B231305058C85580 /* ParamsBuilderSpec.swift */ = {isa = PBXFileReference; fileEncoding = 4; lastKnownFileType = sourcecode.swift; path = ParamsBuilderSpec.swift; sourceTree = "<group>"; };
		5D7AA3EBB7A7D1F3AB3CD90E /* RxSwiftAndObjectMapper.swift */ = {isa = PBXFileReference; fileEncoding = 4; lastKnownFileType = sourcecode.swift; path = RxSwiftAndObjectMapper.swift; sourceTree = "<group>"; };
		5D7AA4AB5741E12AA09C9FE0 /* BodyRageRequest.swift */ = {isa = PBXFileReference; fileEncoding = 4; lastKnownFileType = sourcecode.swift; path = BodyRageRequest.swift; sourceTree = "<group>"; };
		5D7AA4AD068266FB626E0B66 /* Rage.podspec */ = {isa = PBXFileReference; fileEncoding = 1; lastKnownFileType = file.podspec; path = Rage.podspec; sourceTree = "<group>"; };
		5D7AA51C1CF6F78649676154 /* AppDelegate.swift */ = {isa = PBXFileReference; fileEncoding = 4; lastKnownFileType = sourcecode.swift; path = AppDelegate.swift; sourceTree = "<group>"; };
		5D7AA53697C908211ECE80BF /* HttpMethod.swift */ = {isa = PBXFileReference; fileEncoding = 4; lastKnownFileType = sourcecode.swift; path = HttpMethod.swift; sourceTree = "<group>"; };
		5D7AA538C6E4F5A3638AF790 /* MultipartRageRequest.swift */ = {isa = PBXFileReference; fileEncoding = 4; lastKnownFileType = sourcecode.swift; path = MultipartRageRequest.swift; sourceTree = "<group>"; };
		5D7AA6010DF92B82EE914961 /* Authenticator.swift */ = {isa = PBXFileReference; fileEncoding = 4; lastKnownFileType = sourcecode.swift; path = Authenticator.swift; sourceTree = "<group>"; };
		5D7AA60ED89EB1D7051B1BEB /* RequestDescription.swift */ = {isa = PBXFileReference; fileEncoding = 4; lastKnownFileType = sourcecode.swift; path = RequestDescription.swift; sourceTree = "<group>"; };
		5D7AA632CD9EC5CD5ED7804E /* README.md */ = {isa = PBXFileReference; fileEncoding = 1; lastKnownFileType = net.daringfireball.markdown; path = README.md; sourceTree = "<group>"; };
		5D7AA755A7693163A6077844 /* TestAuthenticator.swift */ = {isa = PBXFileReference; fileEncoding = 4; lastKnownFileType = sourcecode.swift; path = TestAuthenticator.swift; sourceTree = "<group>"; };
		5D7AA79FE2A1A2E219A1A01D /* .travis.yml */ = {isa = PBXFileReference; lastKnownFileType = file.yml; path = .travis.yml; sourceTree = "<group>"; };
		5D7AA7A338D139BDE07EB748 /* Main.storyboard */ = {isa = PBXFileReference; lastKnownFileType = file.storyboard; path = Main.storyboard; sourceTree = "<group>"; };
		5D7AA7ED9B86E240CC9A6162 /* RageClientConfiguration.swift */ = {isa = PBXFileReference; fileEncoding = 4; lastKnownFileType = sourcecode.swift; path = RageClientConfiguration.swift; sourceTree = "<group>"; };
		5D7AA8083F5452317A215EE1 /* ErrorHandling.swift */ = {isa = PBXFileReference; fileEncoding = 4; lastKnownFileType = sourcecode.swift; path = ErrorHandling.swift; sourceTree = "<group>"; };
		5D7AA94210E97028A6ADA16E /* ActivityIndicatorPlugin.swift */ = {isa = PBXFileReference; fileEncoding = 4; lastKnownFileType = sourcecode.swift; path = ActivityIndicatorPlugin.swift; sourceTree = "<group>"; };
		5D7AA9D0E0C8AC43F03DBFD3 /* .swiftlint.yml */ = {isa = PBXFileReference; lastKnownFileType = file.yml; path = .swiftlint.yml; sourceTree = "<group>"; };
		5D7AA9F2BAD9E92587DE60EF /* URLBuilder.swift */ = {isa = PBXFileReference; fileEncoding = 4; lastKnownFileType = sourcecode.swift; path = URLBuilder.swift; sourceTree = "<group>"; };
		5D7AAA2ED83599A807D03DD6 /* Rage.swift */ = {isa = PBXFileReference; fileEncoding = 4; lastKnownFileType = sourcecode.swift; path = Rage.swift; sourceTree = "<group>"; };
		5D7AAA9B8A155171C0902D34 /* ExampleAPI.swift */ = {isa = PBXFileReference; fileEncoding = 4; lastKnownFileType = sourcecode.swift; path = ExampleAPI.swift; sourceTree = "<group>"; };
		5D7AAABA02C265EC48DE010E /* RageResponse.swift */ = {isa = PBXFileReference; fileEncoding = 4; lastKnownFileType = sourcecode.swift; path = RageResponse.swift; sourceTree = "<group>"; };
		5D7AAB58337201A42DD3EBC6 /* StubModeExtension.swift */ = {isa = PBXFileReference; fileEncoding = 4; lastKnownFileType = sourcecode.swift; path = StubModeExtension.swift; sourceTree = "<group>"; };
		5D7AAB6F79FF0F8B8A4D04C1 /* GithubUser.swift */ = {isa = PBXFileReference; fileEncoding = 4; lastKnownFileType = sourcecode.swift; path = GithubUser.swift; sourceTree = "<group>"; };
		5D7AAB714E0814604A077C4A /* TypedObject.swift */ = {isa = PBXFileReference; fileEncoding = 4; lastKnownFileType = sourcecode.swift; path = TypedObject.swift; sourceTree = "<group>"; };
		5D7AABE84706F0D726F56CAE /* RageClientSpec.swift */ = {isa = PBXFileReference; fileEncoding = 4; lastKnownFileType = sourcecode.swift; path = RageClientSpec.swift; sourceTree = "<group>"; };
		5D7AAC5C02D8D4CB72D42431 /* GithubError.swift */ = {isa = PBXFileReference; fileEncoding = 4; lastKnownFileType = sourcecode.swift; path = GithubError.swift; sourceTree = "<group>"; };
		5D7AACA3FA4BE9D444F80A91 /* TestPlugin.swift */ = {isa = PBXFileReference; fileEncoding = 4; lastKnownFileType = sourcecode.swift; path = TestPlugin.swift; sourceTree = "<group>"; };
		5D7AACEE6CA1F7F0181C4641 /* ErrorHandler.swift */ = {isa = PBXFileReference; fileEncoding = 4; lastKnownFileType = sourcecode.swift; path = ErrorHandler.swift; sourceTree = "<group>"; };
		5D7AAD207F88410504C7CD11 /* LaunchScreen.storyboard */ = {isa = PBXFileReference; lastKnownFileType = file.storyboard; path = LaunchScreen.storyboard; sourceTree = "<group>"; };
		5D7AAD25133CE41969B1B048 /* RageRequest.swift */ = {isa = PBXFileReference; fileEncoding = 4; lastKnownFileType = sourcecode.swift; path = RageRequest.swift; sourceTree = "<group>"; };
		5D7AAD6A0C8804A7E2AC02FB /* LoggingPlugin.swift */ = {isa = PBXFileReference; fileEncoding = 4; lastKnownFileType = sourcecode.swift; path = LoggingPlugin.swift; sourceTree = "<group>"; };
		5D7AAD6C2F27E145E852CD7B /* GithubOrganization.swift */ = {isa = PBXFileReference; fileEncoding = 4; lastKnownFileType = sourcecode.swift; path = GithubOrganization.swift; sourceTree = "<group>"; };
		5D7AADAF06FD47162958627D /* LICENSE.txt */ = {isa = PBXFileReference; fileEncoding = 4; lastKnownFileType = text; path = LICENSE.txt; sourceTree = "<group>"; };
		5D7AAE438A7955F7C8A06871 /* RageRxSwift.swift */ = {isa = PBXFileReference; fileEncoding = 4; lastKnownFileType = sourcecode.swift; path = RageRxSwift.swift; sourceTree = "<group>"; };
		5D7AAE6E67626F8054F85A65 /* HttpMethodExtension.swift */ = {isa = PBXFileReference; fileEncoding = 4; lastKnownFileType = sourcecode.swift; path = HttpMethodExtension.swift; sourceTree = "<group>"; };
		5D7AAE7B6F8D5EE0D8374396 /* FormUrlEncodedRequest.swift */ = {isa = PBXFileReference; fileEncoding = 4; lastKnownFileType = sourcecode.swift; path = FormUrlEncodedRequest.swift; sourceTree = "<group>"; };
		5D7AAEE25ABE680A25C3C18A /* RageError.swift */ = {isa = PBXFileReference; fileEncoding = 4; lastKnownFileType = sourcecode.swift; path = RageError.swift; sourceTree = "<group>"; };
		5D7AAFB531E4BA1EEB49D957 /* TestErrorHandler.swift */ = {isa = PBXFileReference; fileEncoding = 4; lastKnownFileType = sourcecode.swift; path = TestErrorHandler.swift; sourceTree = "<group>"; };
		815B5A2DFB173B797B737907 /* Pods-RageExample.release.xcconfig */ = {isa = PBXFileReference; includeInIndex = 1; lastKnownFileType = text.xcconfig; name = "Pods-RageExample.release.xcconfig"; path = "Pods/Target Support Files/Pods-RageExample/Pods-RageExample.release.xcconfig"; sourceTree = "<group>"; };
		8A2379F81E093EEF00D20E72 /* RepoTableViewController.swift */ = {isa = PBXFileReference; fileEncoding = 4; lastKnownFileType = sourcecode.swift; path = RepoTableViewController.swift; sourceTree = "<group>"; };
		8A2379FD1E09481E00D20E72 /* TableViewController.xib */ = {isa = PBXFileReference; fileEncoding = 4; lastKnownFileType = file.xib; path = TableViewController.xib; sourceTree = "<group>"; };
		8A6748CC1D6B37200064467F /* Rage.framework */ = {isa = PBXFileReference; explicitFileType = wrapper.framework; includeInIndex = 0; path = Rage.framework; sourceTree = BUILT_PRODUCTS_DIR; };
		8A6748CF1D6B37200064467F /* Rage.h */ = {isa = PBXFileReference; lastKnownFileType = sourcecode.c.h; path = Rage.h; sourceTree = "<group>"; };
		8A6748D11D6B37200064467F /* Info.plist */ = {isa = PBXFileReference; lastKnownFileType = text.plist.xml; path = Info.plist; sourceTree = "<group>"; };
		8A6748D61D6B37200064467F /* RageTests.xctest */ = {isa = PBXFileReference; explicitFileType = wrapper.cfbundle; includeInIndex = 0; path = RageTests.xctest; sourceTree = BUILT_PRODUCTS_DIR; };
		8A6748DD1D6B37200064467F /* Info.plist */ = {isa = PBXFileReference; lastKnownFileType = text.plist.xml; path = Info.plist; sourceTree = "<group>"; };
		8A6748EA1D6B37620064467F /* RageExample.app */ = {isa = PBXFileReference; explicitFileType = wrapper.application; includeInIndex = 0; path = RageExample.app; sourceTree = BUILT_PRODUCTS_DIR; };
		8A6748F31D6B37620064467F /* Assets.xcassets */ = {isa = PBXFileReference; lastKnownFileType = folder.assetcatalog; path = Assets.xcassets; sourceTree = "<group>"; };
		8A6748F81D6B37620064467F /* Info.plist */ = {isa = PBXFileReference; lastKnownFileType = text.plist.xml; path = Info.plist; sourceTree = "<group>"; };
		8A9016A01DA110E20035820B /* Documentation */ = {isa = PBXFileReference; lastKnownFileType = folder; path = Documentation; sourceTree = "<group>"; };
		8B4FB44182B4551825A6968F /* Pods_RageExample.framework */ = {isa = PBXFileReference; explicitFileType = wrapper.framework; includeInIndex = 0; path = Pods_RageExample.framework; sourceTree = BUILT_PRODUCTS_DIR; };
		96D6E770F3431DCF81C8F188 /* Pods-Rage.release.xcconfig */ = {isa = PBXFileReference; includeInIndex = 1; lastKnownFileType = text.xcconfig; name = "Pods-Rage.release.xcconfig"; path = "Pods/Target Support Files/Pods-Rage/Pods-Rage.release.xcconfig"; sourceTree = "<group>"; };
		B4D0C91482A46F570CED8ECD /* Pods-RageTests.release.xcconfig */ = {isa = PBXFileReference; includeInIndex = 1; lastKnownFileType = text.xcconfig; name = "Pods-RageTests.release.xcconfig"; path = "Pods/Target Support Files/Pods-RageTests/Pods-RageTests.release.xcconfig"; sourceTree = "<group>"; };
		C0D605FA048EEBC82DDE9F0A /* Pods-RageTests.debug.xcconfig */ = {isa = PBXFileReference; includeInIndex = 1; lastKnownFileType = text.xcconfig; name = "Pods-RageTests.debug.xcconfig"; path = "Pods/Target Support Files/Pods-RageTests/Pods-RageTests.debug.xcconfig"; sourceTree = "<group>"; };
/* End PBXFileReference section */

/* Begin PBXFrameworksBuildPhase section */
		8A6748C81D6B37200064467F /* Frameworks */ = {
			isa = PBXFrameworksBuildPhase;
			buildActionMask = 2147483647;
			files = (
				67E8752EADB3DBB79F07CBE6 /* Pods_Rage.framework in Frameworks */,
			);
			runOnlyForDeploymentPostprocessing = 0;
		};
		8A6748D31D6B37200064467F /* Frameworks */ = {
			isa = PBXFrameworksBuildPhase;
			buildActionMask = 2147483647;
			files = (
				8A6748D71D6B37200064467F /* Rage.framework in Frameworks */,
				EB22CA5687E77F13AD010497 /* Pods_RageTests.framework in Frameworks */,
			);
			runOnlyForDeploymentPostprocessing = 0;
		};
		8A6748E71D6B37620064467F /* Frameworks */ = {
			isa = PBXFrameworksBuildPhase;
			buildActionMask = 2147483647;
			files = (
				8AA2E7FD1D6B414600E76B52 /* Rage.framework in Frameworks */,
				52FA48B02BEE3892D8EE8E88 /* Pods_RageExample.framework in Frameworks */,
			);
			runOnlyForDeploymentPostprocessing = 0;
		};
/* End PBXFrameworksBuildPhase section */

/* Begin PBXGroup section */
		5D7AA2A9761CF4E986A3C8C2 /* Plugins */ = {
			isa = PBXGroup;
			children = (
				5D7AAD6A0C8804A7E2AC02FB /* LoggingPlugin.swift */,
				5D7AA94210E97028A6ADA16E /* ActivityIndicatorPlugin.swift */,
			);
			path = Plugins;
			sourceTree = "<group>";
		};
		5D7AA37E69E617851A6D04A8 /* Helpers */ = {
			isa = PBXGroup;
			children = (
				5D7AAE6E67626F8054F85A65 /* HttpMethodExtension.swift */,
				5D7AA3B0F3E8FCC8F4F2AB50 /* ContentTypeExtensions.swift */,
				5D7AA755A7693163A6077844 /* TestAuthenticator.swift */,
				5D7AACA3FA4BE9D444F80A91 /* TestPlugin.swift */,
				5D7AAFB531E4BA1EEB49D957 /* TestErrorHandler.swift */,
				5D7AAB58337201A42DD3EBC6 /* StubModeExtension.swift */,
			);
			path = Helpers;
			sourceTree = "<group>";
		};
		5D7AA50240FD80106308B1A5 /* ObjectMapper */ = {
			isa = PBXGroup;
			children = (
				5D7AA0A2EDEB7B06CFF6918F /* RageObjectMapper.swift */,
			);
			path = ObjectMapper;
			sourceTree = "<group>";
		};
		5D7AA6C6BA738C050DF3B45A /* Dependencies */ = {
			isa = PBXGroup;
			children = (
				5D7AAC2627D77B07D8667A17 /* RxSwift */,
			);
			path = Dependencies;
			sourceTree = "<group>";
		};
		5D7AA714646119774ABEABDB /* RxSwiftAndObjectMapper */ = {
			isa = PBXGroup;
			children = (
				5D7AA3EBB7A7D1F3AB3CD90E /* RxSwiftAndObjectMapper.swift */,
			);
			path = RxSwiftAndObjectMapper;
			sourceTree = "<group>";
		};
		5D7AAC2627D77B07D8667A17 /* RxSwift */ = {
			isa = PBXGroup;
			children = (
				5D7AAE438A7955F7C8A06871 /* RageRxSwift.swift */,
			);
			path = RxSwift;
			sourceTree = "<group>";
		};
		6F21BF15F9C4BCDB36CE9BFF /* Frameworks */ = {
			isa = PBXGroup;
			children = (
				59BABD01308B645A3D15ABEF /* Pods_Rage.framework */,
				8B4FB44182B4551825A6968F /* Pods_RageExample.framework */,
				47E34C933CD31EAC73F744D1 /* Pods_RageTests.framework */,
			);
			name = Frameworks;
			sourceTree = "<group>";
		};
		8A6748C21D6B37200064467F = {
			isa = PBXGroup;
			children = (
				8A9016A01DA110E20035820B /* Documentation */,
				8A6748CE1D6B37200064467F /* Rage */,
				8A6748DA1D6B37200064467F /* RageTests */,
				8A6748EB1D6B37620064467F /* RageExample */,
				8A6748CD1D6B37200064467F /* Products */,
				5D7AA2FD7CB4399F66B06DEE /* .gitignore */,
				5D7AA632CD9EC5CD5ED7804E /* README.md */,
				5D7AADAF06FD47162958627D /* LICENSE.txt */,
				5D7AA4AD068266FB626E0B66 /* Rage.podspec */,
				B723C0705F4746457B3A0F69 /* Pods */,
				6F21BF15F9C4BCDB36CE9BFF /* Frameworks */,
				5D7AA79FE2A1A2E219A1A01D /* .travis.yml */,
				5D7AA9D0E0C8AC43F03DBFD3 /* .swiftlint.yml */,
			);
			sourceTree = "<group>";
		};
		8A6748CD1D6B37200064467F /* Products */ = {
			isa = PBXGroup;
			children = (
				8A6748CC1D6B37200064467F /* Rage.framework */,
				8A6748D61D6B37200064467F /* RageTests.xctest */,
				8A6748EA1D6B37620064467F /* RageExample.app */,
			);
			name = Products;
			sourceTree = "<group>";
		};
		8A6748CE1D6B37200064467F /* Rage */ = {
			isa = PBXGroup;
			children = (
				5D7AA6C6BA738C050DF3B45A /* Dependencies */,
				5D7AA2A9761CF4E986A3C8C2 /* Plugins */,
				8A6748CF1D6B37200064467F /* Rage.h */,
				8A6748D11D6B37200064467F /* Info.plist */,
				5D7AA014546BC9C0AD6E0557 /* ContentType.swift */,
				5D7AA0B3847F859305A59DD9 /* ParamsBuilder.swift */,
				5D7AA53697C908211ECE80BF /* HttpMethod.swift */,
				5D7AAA2ED83599A807D03DD6 /* Rage.swift */,
				5D7AAEE25ABE680A25C3C18A /* RageError.swift */,
				5D7AA110A7F9F32C9B681A1D /* RageExtensions.swift */,
				5D7AA1801D16E7AB3F09AD4D /* RageClient.swift */,
				5D7AAD25133CE41969B1B048 /* RageRequest.swift */,
				5D7AA60ED89EB1D7051B1BEB /* RequestDescription.swift */,
				5D7AA6010DF92B82EE914961 /* Authenticator.swift */,
				5D7AA038A8D4D8766817AADD /* RagePlugin.swift */,
				5D7AAABA02C265EC48DE010E /* RageResponse.swift */,
				5D7AA7ED9B86E240CC9A6162 /* RageClientConfiguration.swift */,
				5D7AAB714E0814604A077C4A /* TypedObject.swift */,
				5D7AA4AB5741E12AA09C9FE0 /* BodyRageRequest.swift */,
				5D7AA538C6E4F5A3638AF790 /* MultipartRageRequest.swift */,
				5D7AAE7B6F8D5EE0D8374396 /* FormUrlEncodedRequest.swift */,
				5D7AA30C600E591FBF47B181 /* StubMode.swift */,
				5D7AA16F930E63B5C4E5089E /* StubData.swift */,
				5D7AACEE6CA1F7F0181C4641 /* ErrorHandler.swift */,
				5D7AA9F2BAD9E92587DE60EF /* URLBuilder.swift */,
				03A5A4A9200CF7DA00B62E44 /* SessionProvider.swift */,
			);
			path = Rage;
			sourceTree = "<group>";
		};
		8A6748DA1D6B37200064467F /* RageTests */ = {
			isa = PBXGroup;
			children = (
				03A5A4B1200D0C2E00B62E44 /* .swiftlint.yml */,
				8A6748DD1D6B37200064467F /* Info.plist */,
				5D7AA355BFFA26A6C861DC05 /* RageSpec.swift */,
				5D7AA3B4B231305058C85580 /* ParamsBuilderSpec.swift */,
				5D7AABE84706F0D726F56CAE /* RageClientSpec.swift */,
				5D7AA37E69E617851A6D04A8 /* Helpers */,
				5D7AA253B3CC4970E4CFB5C6 /* RageRequestSpec.swift */,
				03A5A49D200CA43600B62E44 /* ContentTypeSpec.swift */,
				03A5A49F200CA6AE00B62E44 /* HttpMethodSpec.swift */,
				03A5A4A1200CAA0300B62E44 /* RageErrorSpec.swift */,
				03A5A4A3200CCD9700B62E44 /* RageExtensionsTests.swift */,
				03A5A4A5200CE0BB00B62E44 /* RageResponseSpec.swift */,
				03A5A4A7200CF63900B62E44 /* BodyRageRequestSpec.swift */,
				03A5A4AE200CFF3500B62E44 /* MultipartRageRequestSpec.swift */,
			);
			path = RageTests;
			sourceTree = "<group>";
		};
		8A6748EB1D6B37620064467F /* RageExample */ = {
			isa = PBXGroup;
			children = (
				5D7AA50240FD80106308B1A5 /* ObjectMapper */,
				5D7AA714646119774ABEABDB /* RxSwiftAndObjectMapper */,
				8A6748F31D6B37620064467F /* Assets.xcassets */,
				8A6748F81D6B37620064467F /* Info.plist */,
				5D7AA51C1CF6F78649676154 /* AppDelegate.swift */,
				5D7AAA9B8A155171C0902D34 /* ExampleAPI.swift */,
				5D7AAB6F79FF0F8B8A4D04C1 /* GithubUser.swift */,
				5D7AAD207F88410504C7CD11 /* LaunchScreen.storyboard */,
				5D7AA7A338D139BDE07EB748 /* Main.storyboard */,
				5D7AA3172D197A6B0C1366E3 /* GithubRepository.swift */,
				5D7AA8083F5452317A215EE1 /* ErrorHandling.swift */,
				5D7AAC5C02D8D4CB72D42431 /* GithubError.swift */,
				8A2379F81E093EEF00D20E72 /* RepoTableViewController.swift */,
				5D7AA2BC4744202A073AE75D /* ContributorsTableViewController.swift */,
				8A2379FD1E09481E00D20E72 /* TableViewController.xib */,
				5D7AAD6C2F27E145E852CD7B /* GithubOrganization.swift */,
			);
			path = RageExample;
			sourceTree = "<group>";
		};
		B723C0705F4746457B3A0F69 /* Pods */ = {
			isa = PBXGroup;
			children = (
				0E86BE2517D3A8EE8117D9F5 /* Pods-Rage.debug.xcconfig */,
				96D6E770F3431DCF81C8F188 /* Pods-Rage.release.xcconfig */,
				321B8AC3666CFDC9EC4DD397 /* Pods-RageExample.debug.xcconfig */,
				815B5A2DFB173B797B737907 /* Pods-RageExample.release.xcconfig */,
				C0D605FA048EEBC82DDE9F0A /* Pods-RageTests.debug.xcconfig */,
				B4D0C91482A46F570CED8ECD /* Pods-RageTests.release.xcconfig */,
			);
			name = Pods;
			sourceTree = "<group>";
		};
/* End PBXGroup section */

/* Begin PBXHeadersBuildPhase section */
		8A6748C91D6B37200064467F /* Headers */ = {
			isa = PBXHeadersBuildPhase;
			buildActionMask = 2147483647;
			files = (
				8A6748D01D6B37200064467F /* Rage.h in Headers */,
			);
			runOnlyForDeploymentPostprocessing = 0;
		};
/* End PBXHeadersBuildPhase section */

/* Begin PBXNativeTarget section */
		8A6748CB1D6B37200064467F /* Rage */ = {
			isa = PBXNativeTarget;
			buildConfigurationList = 8A6748E01D6B37200064467F /* Build configuration list for PBXNativeTarget "Rage" */;
			buildPhases = (
				8934DFDDE2D2E6470A772794 /* [CP] Check Pods Manifest.lock */,
				03A5A4B0200D0A8700B62E44 /* Swiftlint */,
				8A6748C71D6B37200064467F /* Sources */,
				8A6748C81D6B37200064467F /* Frameworks */,
				8A6748C91D6B37200064467F /* Headers */,
				8A6748CA1D6B37200064467F /* Resources */,
				A382E76B432F6E6BC5B807F5 /* [CP] Copy Pods Resources */,
			);
			buildRules = (
			);
			dependencies = (
			);
			name = Rage;
			productName = Rage;
			productReference = 8A6748CC1D6B37200064467F /* Rage.framework */;
			productType = "com.apple.product-type.framework";
		};
		8A6748D51D6B37200064467F /* RageTests */ = {
			isa = PBXNativeTarget;
			buildConfigurationList = 8A6748E31D6B37200064467F /* Build configuration list for PBXNativeTarget "RageTests" */;
			buildPhases = (
				3353FFC9A919821B08817538 /* [CP] Check Pods Manifest.lock */,
				8A6748D21D6B37200064467F /* Sources */,
				8A6748D31D6B37200064467F /* Frameworks */,
				8A6748D41D6B37200064467F /* Resources */,
				585A7C9EE2928872A63EB372 /* [CP] Embed Pods Frameworks */,
				4B5108DCBFE59272909622AD /* [CP] Copy Pods Resources */,
			);
			buildRules = (
			);
			dependencies = (
				8A6748D91D6B37200064467F /* PBXTargetDependency */,
			);
			name = RageTests;
			productName = RageTests;
			productReference = 8A6748D61D6B37200064467F /* RageTests.xctest */;
			productType = "com.apple.product-type.bundle.unit-test";
		};
		8A6748E91D6B37620064467F /* RageExample */ = {
			isa = PBXNativeTarget;
			buildConfigurationList = 8A6748F91D6B37620064467F /* Build configuration list for PBXNativeTarget "RageExample" */;
			buildPhases = (
				A4785F04C8ADE67B9832796F /* [CP] Check Pods Manifest.lock */,
				8AA2E82C1D6C8A6600E76B52 /* SwiftLint */,
				8A6748E61D6B37620064467F /* Sources */,
				8A6748E71D6B37620064467F /* Frameworks */,
				8A6748E81D6B37620064467F /* Resources */,
				8AA2E8011D6B414600E76B52 /* Embed Frameworks */,
				446003E046A79BC005F5BCD4 /* [CP] Embed Pods Frameworks */,
				9448F8195C5369BECFA87551 /* [CP] Copy Pods Resources */,
			);
			buildRules = (
			);
			dependencies = (
				8AA2E8001D6B414600E76B52 /* PBXTargetDependency */,
			);
			name = RageExample;
			productName = RageExample;
			productReference = 8A6748EA1D6B37620064467F /* RageExample.app */;
			productType = "com.apple.product-type.application";
		};
/* End PBXNativeTarget section */

/* Begin PBXProject section */
		8A6748C31D6B37200064467F /* Project object */ = {
			isa = PBXProject;
			attributes = {
				LastSwiftUpdateCheck = 0730;
				LastUpgradeCheck = 0910;
				ORGANIZATIONNAME = GSPD;
				TargetAttributes = {
					8A6748CB1D6B37200064467F = {
						CreatedOnToolsVersion = 7.3;
						DevelopmentTeam = 4ZV85MH9VJ;
						LastSwiftMigration = 0910;
					};
					8A6748D51D6B37200064467F = {
						CreatedOnToolsVersion = 7.3;
						LastSwiftMigration = 0910;
					};
					8A6748E91D6B37620064467F = {
						CreatedOnToolsVersion = 7.3;
						DevelopmentTeam = 4ZV85MH9VJ;
						LastSwiftMigration = 0800;
					};
				};
			};
			buildConfigurationList = 8A6748C61D6B37200064467F /* Build configuration list for PBXProject "Rage" */;
			compatibilityVersion = "Xcode 3.2";
			developmentRegion = English;
			hasScannedForEncodings = 0;
			knownRegions = (
				en,
				Base,
			);
			mainGroup = 8A6748C21D6B37200064467F;
			productRefGroup = 8A6748CD1D6B37200064467F /* Products */;
			projectDirPath = "";
			projectRoot = "";
			targets = (
				8A6748E91D6B37620064467F /* RageExample */,
				8A6748CB1D6B37200064467F /* Rage */,
				8A6748D51D6B37200064467F /* RageTests */,
			);
		};
/* End PBXProject section */

/* Begin PBXResourcesBuildPhase section */
		8A6748CA1D6B37200064467F /* Resources */ = {
			isa = PBXResourcesBuildPhase;
			buildActionMask = 2147483647;
			files = (
			);
			runOnlyForDeploymentPostprocessing = 0;
		};
		8A6748D41D6B37200064467F /* Resources */ = {
			isa = PBXResourcesBuildPhase;
			buildActionMask = 2147483647;
			files = (
				03A5A4B2200D0C2E00B62E44 /* .swiftlint.yml in Resources */,
			);
			runOnlyForDeploymentPostprocessing = 0;
		};
		8A6748E81D6B37620064467F /* Resources */ = {
			isa = PBXResourcesBuildPhase;
			buildActionMask = 2147483647;
			files = (
				8A6748F41D6B37620064467F /* Assets.xcassets in Resources */,
				5D7AA71420AAE6E571E2C9C6 /* LaunchScreen.storyboard in Resources */,
				5D7AA734318F4A5BE91CAD75 /* Main.storyboard in Resources */,
				8A2379FF1E09481E00D20E72 /* TableViewController.xib in Resources */,
			);
			runOnlyForDeploymentPostprocessing = 0;
		};
/* End PBXResourcesBuildPhase section */

/* Begin PBXShellScriptBuildPhase section */
		03A5A4B0200D0A8700B62E44 /* Swiftlint */ = {
			isa = PBXShellScriptBuildPhase;
			buildActionMask = 2147483647;
			files = (
			);
			inputPaths = (
			);
			name = Swiftlint;
			outputPaths = (
			);
			runOnlyForDeploymentPostprocessing = 0;
			shellPath = /bin/sh;
			shellScript = "if which swiftlint >/dev/null; then\nswiftlint\nelse\necho \"warning: SwiftLint not installed, download from https://github.com/realm/SwiftLint\"\nfi";
		};
		3353FFC9A919821B08817538 /* [CP] Check Pods Manifest.lock */ = {
			isa = PBXShellScriptBuildPhase;
			buildActionMask = 2147483647;
			files = (
			);
			inputPaths = (
				"${PODS_PODFILE_DIR_PATH}/Podfile.lock",
				"${PODS_ROOT}/Manifest.lock",
			);
			name = "[CP] Check Pods Manifest.lock";
			outputPaths = (
				"$(DERIVED_FILE_DIR)/Pods-RageTests-checkManifestLockResult.txt",
			);
			runOnlyForDeploymentPostprocessing = 0;
			shellPath = /bin/sh;
			shellScript = "diff \"${PODS_PODFILE_DIR_PATH}/Podfile.lock\" \"${PODS_ROOT}/Manifest.lock\" > /dev/null\nif [ $? != 0 ] ; then\n    # print error to STDERR\n    echo \"error: The sandbox is not in sync with the Podfile.lock. Run 'pod install' or update your CocoaPods installation.\" >&2\n    exit 1\nfi\n# This output is used by Xcode 'outputs' to avoid re-running this script phase.\necho \"SUCCESS\" > \"${SCRIPT_OUTPUT_FILE_0}\"\n";
			showEnvVarsInLog = 0;
		};
		446003E046A79BC005F5BCD4 /* [CP] Embed Pods Frameworks */ = {
			isa = PBXShellScriptBuildPhase;
			buildActionMask = 2147483647;
			files = (
			);
			inputPaths = (
				"${SRCROOT}/Pods/Target Support Files/Pods-RageExample/Pods-RageExample-frameworks.sh",
				"${BUILT_PRODUCTS_DIR}/ObjectMapper/ObjectMapper.framework",
				"${BUILT_PRODUCTS_DIR}/Result/Result.framework",
				"${BUILT_PRODUCTS_DIR}/RxSwift/RxSwift.framework",
			);
			name = "[CP] Embed Pods Frameworks";
			outputPaths = (
				"${TARGET_BUILD_DIR}/${FRAMEWORKS_FOLDER_PATH}/ObjectMapper.framework",
				"${TARGET_BUILD_DIR}/${FRAMEWORKS_FOLDER_PATH}/Result.framework",
				"${TARGET_BUILD_DIR}/${FRAMEWORKS_FOLDER_PATH}/RxSwift.framework",
			);
			runOnlyForDeploymentPostprocessing = 0;
			shellPath = /bin/sh;
			shellScript = "\"${SRCROOT}/Pods/Target Support Files/Pods-RageExample/Pods-RageExample-frameworks.sh\"\n";
			showEnvVarsInLog = 0;
		};
		4B5108DCBFE59272909622AD /* [CP] Copy Pods Resources */ = {
			isa = PBXShellScriptBuildPhase;
			buildActionMask = 2147483647;
			files = (
			);
			inputPaths = (
			);
			name = "[CP] Copy Pods Resources";
			outputPaths = (
			);
			runOnlyForDeploymentPostprocessing = 0;
			shellPath = /bin/sh;
			shellScript = "\"${SRCROOT}/Pods/Target Support Files/Pods-RageTests/Pods-RageTests-resources.sh\"\n";
			showEnvVarsInLog = 0;
		};
		585A7C9EE2928872A63EB372 /* [CP] Embed Pods Frameworks */ = {
			isa = PBXShellScriptBuildPhase;
			buildActionMask = 2147483647;
			files = (
			);
			inputPaths = (
				"${SRCROOT}/Pods/Target Support Files/Pods-RageTests/Pods-RageTests-frameworks.sh",
				"${BUILT_PRODUCTS_DIR}/Result/Result.framework",
				"${BUILT_PRODUCTS_DIR}/RxSwift/RxSwift.framework",
				"${BUILT_PRODUCTS_DIR}/Nimble/Nimble.framework",
				"${BUILT_PRODUCTS_DIR}/Quick/Quick.framework",
			);
			name = "[CP] Embed Pods Frameworks";
			outputPaths = (
				"${TARGET_BUILD_DIR}/${FRAMEWORKS_FOLDER_PATH}/Result.framework",
				"${TARGET_BUILD_DIR}/${FRAMEWORKS_FOLDER_PATH}/RxSwift.framework",
				"${TARGET_BUILD_DIR}/${FRAMEWORKS_FOLDER_PATH}/Nimble.framework",
				"${TARGET_BUILD_DIR}/${FRAMEWORKS_FOLDER_PATH}/Quick.framework",
			);
			runOnlyForDeploymentPostprocessing = 0;
			shellPath = /bin/sh;
			shellScript = "\"${SRCROOT}/Pods/Target Support Files/Pods-RageTests/Pods-RageTests-frameworks.sh\"\n";
			showEnvVarsInLog = 0;
		};
		8934DFDDE2D2E6470A772794 /* [CP] Check Pods Manifest.lock */ = {
			isa = PBXShellScriptBuildPhase;
			buildActionMask = 2147483647;
			files = (
			);
			inputPaths = (
				"${PODS_PODFILE_DIR_PATH}/Podfile.lock",
				"${PODS_ROOT}/Manifest.lock",
			);
			name = "[CP] Check Pods Manifest.lock";
			outputPaths = (
				"$(DERIVED_FILE_DIR)/Pods-Rage-checkManifestLockResult.txt",
			);
			runOnlyForDeploymentPostprocessing = 0;
			shellPath = /bin/sh;
			shellScript = "diff \"${PODS_PODFILE_DIR_PATH}/Podfile.lock\" \"${PODS_ROOT}/Manifest.lock\" > /dev/null\nif [ $? != 0 ] ; then\n    # print error to STDERR\n    echo \"error: The sandbox is not in sync with the Podfile.lock. Run 'pod install' or update your CocoaPods installation.\" >&2\n    exit 1\nfi\n# This output is used by Xcode 'outputs' to avoid re-running this script phase.\necho \"SUCCESS\" > \"${SCRIPT_OUTPUT_FILE_0}\"\n";
			showEnvVarsInLog = 0;
		};
		8AA2E82C1D6C8A6600E76B52 /* SwiftLint */ = {
			isa = PBXShellScriptBuildPhase;
			buildActionMask = 2147483647;
			files = (
			);
			inputPaths = (
			);
			name = SwiftLint;
			outputPaths = (
			);
			runOnlyForDeploymentPostprocessing = 0;
			shellPath = /bin/sh;
			shellScript = "if which swiftlint >/dev/null; then\nswiftlint\nelse\necho \"warning: SwiftLint not installed, download from https://github.com/realm/SwiftLint\"\nfi";
		};
		9448F8195C5369BECFA87551 /* [CP] Copy Pods Resources */ = {
			isa = PBXShellScriptBuildPhase;
			buildActionMask = 2147483647;
			files = (
			);
			inputPaths = (
			);
			name = "[CP] Copy Pods Resources";
			outputPaths = (
			);
			runOnlyForDeploymentPostprocessing = 0;
			shellPath = /bin/sh;
			shellScript = "\"${SRCROOT}/Pods/Target Support Files/Pods-RageExample/Pods-RageExample-resources.sh\"\n";
			showEnvVarsInLog = 0;
		};
		A382E76B432F6E6BC5B807F5 /* [CP] Copy Pods Resources */ = {
			isa = PBXShellScriptBuildPhase;
			buildActionMask = 2147483647;
			files = (
			);
			inputPaths = (
			);
			name = "[CP] Copy Pods Resources";
			outputPaths = (
			);
			runOnlyForDeploymentPostprocessing = 0;
			shellPath = /bin/sh;
			shellScript = "\"${SRCROOT}/Pods/Target Support Files/Pods-Rage/Pods-Rage-resources.sh\"\n";
			showEnvVarsInLog = 0;
		};
		A4785F04C8ADE67B9832796F /* [CP] Check Pods Manifest.lock */ = {
			isa = PBXShellScriptBuildPhase;
			buildActionMask = 2147483647;
			files = (
			);
			inputPaths = (
				"${PODS_PODFILE_DIR_PATH}/Podfile.lock",
				"${PODS_ROOT}/Manifest.lock",
			);
			name = "[CP] Check Pods Manifest.lock";
			outputPaths = (
				"$(DERIVED_FILE_DIR)/Pods-RageExample-checkManifestLockResult.txt",
			);
			runOnlyForDeploymentPostprocessing = 0;
			shellPath = /bin/sh;
			shellScript = "diff \"${PODS_PODFILE_DIR_PATH}/Podfile.lock\" \"${PODS_ROOT}/Manifest.lock\" > /dev/null\nif [ $? != 0 ] ; then\n    # print error to STDERR\n    echo \"error: The sandbox is not in sync with the Podfile.lock. Run 'pod install' or update your CocoaPods installation.\" >&2\n    exit 1\nfi\n# This output is used by Xcode 'outputs' to avoid re-running this script phase.\necho \"SUCCESS\" > \"${SCRIPT_OUTPUT_FILE_0}\"\n";
			showEnvVarsInLog = 0;
		};
/* End PBXShellScriptBuildPhase section */

/* Begin PBXSourcesBuildPhase section */
		8A6748C71D6B37200064467F /* Sources */ = {
			isa = PBXSourcesBuildPhase;
			buildActionMask = 2147483647;
			files = (
				5D7AA12273A3D6F2878DCDFC /* ContentType.swift in Sources */,
				5D7AAD04A86AAA3F90E36BD8 /* ParamsBuilder.swift in Sources */,
				5D7AA989EEF3B3CD74075AC2 /* HttpMethod.swift in Sources */,
				5D7AAE66E31CD58C591A0F94 /* Rage.swift in Sources */,
				5D7AA9E351C4F5B754403596 /* RageError.swift in Sources */,
				5D7AA005E7546F33D358ED2D /* RageExtensions.swift in Sources */,
				5D7AA3939662D37EB4740A5A /* RageRxSwift.swift in Sources */,
				5D7AAFC5E6F1BA7B2CFAB68A /* RageClient.swift in Sources */,
				5D7AAC1959A6B3ED3FFC33C6 /* RageRequest.swift in Sources */,
				5D7AA9FE2E30A380252F8EB8 /* RequestDescription.swift in Sources */,
				5D7AA3B54CBE1FD1C08B7110 /* Authenticator.swift in Sources */,
				5D7AAB5C12015C90FFD58DC8 /* RagePlugin.swift in Sources */,
				5D7AA782CB65E6865FE9B672 /* RageResponse.swift in Sources */,
				5D7AA8328FE871B434744D7A /* LoggingPlugin.swift in Sources */,
				5D7AA73BCD95EC4A56B60EF2 /* ActivityIndicatorPlugin.swift in Sources */,
				5D7AA69614261312C65E718F /* RageClientConfiguration.swift in Sources */,
				5D7AA837A3525EC3E7218520 /* TypedObject.swift in Sources */,
				5D7AA6622ED2B991A9C1C8C6 /* BodyRageRequest.swift in Sources */,
				5D7AA296D7038844004D5CC3 /* MultipartRageRequest.swift in Sources */,
				5D7AAB7620F46F4200390CC4 /* FormUrlEncodedRequest.swift in Sources */,
				5D7AA1C68311D857580BD6B5 /* StubMode.swift in Sources */,
				5D7AAF6B6AA4A7B798BB319E /* StubData.swift in Sources */,
				5D7AA812264980BEFAF8E86E /* ErrorHandler.swift in Sources */,
				5D7AA7654E178D669FBC954D /* HttpMethodExtension.swift in Sources */,
				5D7AA56BB54A1BAD12657245 /* ContentTypeExtensions.swift in Sources */,
				5D7AAF746650337B337CE2B0 /* TestAuthenticator.swift in Sources */,
				5D7AA4E0F1802A3257DB3B1C /* TestPlugin.swift in Sources */,
				5D7AA2CF1FDEAB219F857B1A /* TestErrorHandler.swift in Sources */,
				5D7AA0D4A46C2764512048AD /* URLBuilder.swift in Sources */,
				5D7AA58A91CE237AE8F4D697 /* StubModeExtension.swift in Sources */,
				03A5A4AA200CF7DA00B62E44 /* SessionProvider.swift in Sources */,
			);
			runOnlyForDeploymentPostprocessing = 0;
		};
		8A6748D21D6B37200064467F /* Sources */ = {
			isa = PBXSourcesBuildPhase;
			buildActionMask = 2147483647;
			files = (
				8AA2E8031D6B467700E76B52 /* ContentType.swift in Sources */,
				8A7B084C1D6F10B800A61194 /* RagePlugin.swift in Sources */,
				8AA2E8041D6B467700E76B52 /* ParamsBuilder.swift in Sources */,
				8AA2E8051D6B467700E76B52 /* HttpMethod.swift in Sources */,
				8A7B084D1D6F10E700A61194 /* RageResponse.swift in Sources */,
				03A5A4A6200CE0BB00B62E44 /* RageResponseSpec.swift in Sources */,
				8A7B084B1D6EF41300A61194 /* Authenticator.swift in Sources */,
				8AA2E8071D6B467700E76B52 /* Rage.swift in Sources */,
				8AA2E8081D6B467700E76B52 /* RageError.swift in Sources */,
				03A5A4AB200CF96000B62E44 /* SessionProvider.swift in Sources */,
				8AA2E8091D6B467700E76B52 /* RageExtensions.swift in Sources */,
				5D7AA6A3A5E25DFC6D483156 /* RageRxSwift.swift in Sources */,
				5D7AA9AD19B233F00EEF8ABE /* RageClient.swift in Sources */,
				5D7AA592A1050C33E405C623 /* RageRequest.swift in Sources */,
				5D7AAE959FDA5000630D2817 /* RequestDescription.swift in Sources */,
				5D7AA77C36FEC3C82CB58852 /* RageSpec.swift in Sources */,
				5D7AAEAE92F67F887E3EE838 /* LoggingPlugin.swift in Sources */,
				5D7AAD1928E32B7E589CCE7A /* ActivityIndicatorPlugin.swift in Sources */,
				5D7AA6E653D9ACF6A3F7FB7E /* RageClientConfiguration.swift in Sources */,
				5D7AA58BFA967DE7CAAED0DA /* TypedObject.swift in Sources */,
				5D7AAB6E969661328D3F457E /* BodyRageRequest.swift in Sources */,
				5D7AA1E642193FC1EE55D80F /* MultipartRageRequest.swift in Sources */,
				5D7AAF983974E2E04C03E5D6 /* FormUrlEncodedRequest.swift in Sources */,
				5D7AAC1D387438BF350E80BF /* StubMode.swift in Sources */,
				5D7AA87C32296FCDF45438AD /* StubData.swift in Sources */,
				5D7AAD595981BAB5FC2DBCD7 /* ErrorHandler.swift in Sources */,
				5D7AAF3A2DF541EA930C815A /* ParamsBuilderSpec.swift in Sources */,
				03A5A4A0200CA6AE00B62E44 /* HttpMethodSpec.swift in Sources */,
				5D7AA7440CD3052534B0E8E4 /* RageClientSpec.swift in Sources */,
				5D7AA395512C05CDB112EF45 /* HttpMethodExtension.swift in Sources */,
				5D7AA5A0D1F7F24EAAB7D2D4 /* ContentTypeExtensions.swift in Sources */,
				5D7AA9D696C82DFE5CEFE340 /* TestAuthenticator.swift in Sources */,
				03A5A4AF200CFF3500B62E44 /* MultipartRageRequestSpec.swift in Sources */,
				03A5A4A2200CAA0300B62E44 /* RageErrorSpec.swift in Sources */,
				5D7AA2E302FE50515C0F2A0D /* TestPlugin.swift in Sources */,
				5D7AA6066364F6F125D46980 /* TestErrorHandler.swift in Sources */,
				5D7AA1B1557BE959038A39A3 /* URLBuilder.swift in Sources */,
				5D7AA8386115502C2174E824 /* RageRequestSpec.swift in Sources */,
				03A5A49E200CA43600B62E44 /* ContentTypeSpec.swift in Sources */,
				03A5A4A8200CF63900B62E44 /* BodyRageRequestSpec.swift in Sources */,
				03A5A4A4200CCD9700B62E44 /* RageExtensionsTests.swift in Sources */,
				5D7AADF5F284E1850CBEA0D0 /* StubModeExtension.swift in Sources */,
			);
			runOnlyForDeploymentPostprocessing = 0;
		};
		8A6748E61D6B37620064467F /* Sources */ = {
			isa = PBXSourcesBuildPhase;
			buildActionMask = 2147483647;
			files = (
				5D7AAB2A691549A019C13B35 /* AppDelegate.swift in Sources */,
				5D7AA60F929F44CBF8CE37FE /* ExampleAPI.swift in Sources */,
				8A2379F91E093EEF00D20E72 /* RepoTableViewController.swift in Sources */,
				5D7AA89DED76456AB34CBCDB /* GithubUser.swift in Sources */,
				5D7AA6A83DA0681E0598C7FF /* GithubRepository.swift in Sources */,
				5D7AA2F0F4C256CF08A079B8 /* ErrorHandling.swift in Sources */,
				03A5A4B5200E0BD800B62E44 /* RxSwiftAndObjectMapper.swift in Sources */,
				5D7AAF6D30B8A23FD35FB7D0 /* GithubError.swift in Sources */,
				5D7AA69B0B93E2399C43DC9A /* ContributorsTableViewController.swift in Sources */,
				03A5A4B4200E0BD200B62E44 /* RageObjectMapper.swift in Sources */,
				5D7AAF9A1D092BB5C5747087 /* GithubOrganization.swift in Sources */,
			);
			runOnlyForDeploymentPostprocessing = 0;
		};
/* End PBXSourcesBuildPhase section */

/* Begin PBXTargetDependency section */
		8A6748D91D6B37200064467F /* PBXTargetDependency */ = {
			isa = PBXTargetDependency;
			target = 8A6748CB1D6B37200064467F /* Rage */;
			targetProxy = 8A6748D81D6B37200064467F /* PBXContainerItemProxy */;
		};
		8AA2E8001D6B414600E76B52 /* PBXTargetDependency */ = {
			isa = PBXTargetDependency;
			target = 8A6748CB1D6B37200064467F /* Rage */;
			targetProxy = 8AA2E7FF1D6B414600E76B52 /* PBXContainerItemProxy */;
		};
/* End PBXTargetDependency section */

/* Begin XCBuildConfiguration section */
		8A6748DE1D6B37200064467F /* Debug */ = {
			isa = XCBuildConfiguration;
			buildSettings = {
				ALWAYS_SEARCH_USER_PATHS = NO;
				CLANG_ANALYZER_NONNULL = YES;
				CLANG_CXX_LANGUAGE_STANDARD = "gnu++0x";
				CLANG_CXX_LIBRARY = "libc++";
				CLANG_ENABLE_MODULES = YES;
				CLANG_ENABLE_OBJC_ARC = YES;
				CLANG_WARN_BLOCK_CAPTURE_AUTORELEASING = YES;
				CLANG_WARN_BOOL_CONVERSION = YES;
				CLANG_WARN_COMMA = YES;
				CLANG_WARN_CONSTANT_CONVERSION = YES;
				CLANG_WARN_DIRECT_OBJC_ISA_USAGE = YES_ERROR;
				CLANG_WARN_EMPTY_BODY = YES;
				CLANG_WARN_ENUM_CONVERSION = YES;
				CLANG_WARN_INFINITE_RECURSION = YES;
				CLANG_WARN_INT_CONVERSION = YES;
				CLANG_WARN_NON_LITERAL_NULL_CONVERSION = YES;
				CLANG_WARN_OBJC_LITERAL_CONVERSION = YES;
				CLANG_WARN_OBJC_ROOT_CLASS = YES_ERROR;
				CLANG_WARN_RANGE_LOOP_ANALYSIS = YES;
				CLANG_WARN_STRICT_PROTOTYPES = YES;
				CLANG_WARN_SUSPICIOUS_MOVE = YES;
				CLANG_WARN_UNREACHABLE_CODE = YES;
				CLANG_WARN__DUPLICATE_METHOD_MATCH = YES;
				"CODE_SIGN_IDENTITY[sdk=iphoneos*]" = "iPhone Developer";
				COPY_PHASE_STRIP = NO;
				CURRENT_PROJECT_VERSION = 1;
				DEBUG_INFORMATION_FORMAT = dwarf;
				ENABLE_STRICT_OBJC_MSGSEND = YES;
				ENABLE_TESTABILITY = YES;
				GCC_C_LANGUAGE_STANDARD = gnu99;
				GCC_DYNAMIC_NO_PIC = NO;
				GCC_NO_COMMON_BLOCKS = YES;
				GCC_OPTIMIZATION_LEVEL = 0;
				GCC_PREPROCESSOR_DEFINITIONS = (
					"DEBUG=1",
					"$(inherited)",
				);
				GCC_WARN_64_TO_32_BIT_CONVERSION = YES;
				GCC_WARN_ABOUT_RETURN_TYPE = YES_ERROR;
				GCC_WARN_UNDECLARED_SELECTOR = YES;
				GCC_WARN_UNINITIALIZED_AUTOS = YES_AGGRESSIVE;
				GCC_WARN_UNUSED_FUNCTION = YES;
				GCC_WARN_UNUSED_VARIABLE = YES;
				IPHONEOS_DEPLOYMENT_TARGET = 9.3;
				MTL_ENABLE_DEBUG_INFO = YES;
				ONLY_ACTIVE_ARCH = YES;
				SDKROOT = iphoneos;
				SWIFT_OPTIMIZATION_LEVEL = "-Onone";
				SWIFT_VERSION = "";
				TARGETED_DEVICE_FAMILY = "1,2";
				VERSIONING_SYSTEM = "apple-generic";
				VERSION_INFO_PREFIX = "";
			};
			name = Debug;
		};
		8A6748DF1D6B37200064467F /* Release */ = {
			isa = XCBuildConfiguration;
			buildSettings = {
				ALWAYS_SEARCH_USER_PATHS = NO;
				CLANG_ANALYZER_NONNULL = YES;
				CLANG_CXX_LANGUAGE_STANDARD = "gnu++0x";
				CLANG_CXX_LIBRARY = "libc++";
				CLANG_ENABLE_MODULES = YES;
				CLANG_ENABLE_OBJC_ARC = YES;
				CLANG_WARN_BLOCK_CAPTURE_AUTORELEASING = YES;
				CLANG_WARN_BOOL_CONVERSION = YES;
				CLANG_WARN_COMMA = YES;
				CLANG_WARN_CONSTANT_CONVERSION = YES;
				CLANG_WARN_DIRECT_OBJC_ISA_USAGE = YES_ERROR;
				CLANG_WARN_EMPTY_BODY = YES;
				CLANG_WARN_ENUM_CONVERSION = YES;
				CLANG_WARN_INFINITE_RECURSION = YES;
				CLANG_WARN_INT_CONVERSION = YES;
				CLANG_WARN_NON_LITERAL_NULL_CONVERSION = YES;
				CLANG_WARN_OBJC_LITERAL_CONVERSION = YES;
				CLANG_WARN_OBJC_ROOT_CLASS = YES_ERROR;
				CLANG_WARN_RANGE_LOOP_ANALYSIS = YES;
				CLANG_WARN_STRICT_PROTOTYPES = YES;
				CLANG_WARN_SUSPICIOUS_MOVE = YES;
				CLANG_WARN_UNREACHABLE_CODE = YES;
				CLANG_WARN__DUPLICATE_METHOD_MATCH = YES;
				"CODE_SIGN_IDENTITY[sdk=iphoneos*]" = "iPhone Developer";
				COPY_PHASE_STRIP = NO;
				CURRENT_PROJECT_VERSION = 1;
				DEBUG_INFORMATION_FORMAT = "dwarf-with-dsym";
				ENABLE_NS_ASSERTIONS = NO;
				ENABLE_STRICT_OBJC_MSGSEND = YES;
				GCC_C_LANGUAGE_STANDARD = gnu99;
				GCC_NO_COMMON_BLOCKS = YES;
				GCC_WARN_64_TO_32_BIT_CONVERSION = YES;
				GCC_WARN_ABOUT_RETURN_TYPE = YES_ERROR;
				GCC_WARN_UNDECLARED_SELECTOR = YES;
				GCC_WARN_UNINITIALIZED_AUTOS = YES_AGGRESSIVE;
				GCC_WARN_UNUSED_FUNCTION = YES;
				GCC_WARN_UNUSED_VARIABLE = YES;
				IPHONEOS_DEPLOYMENT_TARGET = 9.3;
				MTL_ENABLE_DEBUG_INFO = NO;
				SDKROOT = iphoneos;
				SWIFT_OPTIMIZATION_LEVEL = "-Owholemodule";
				SWIFT_VERSION = "";
				TARGETED_DEVICE_FAMILY = "1,2";
				VALIDATE_PRODUCT = YES;
				VERSIONING_SYSTEM = "apple-generic";
				VERSION_INFO_PREFIX = "";
			};
			name = Release;
		};
		8A6748E11D6B37200064467F /* Debug */ = {
			isa = XCBuildConfiguration;
			baseConfigurationReference = 0E86BE2517D3A8EE8117D9F5 /* Pods-Rage.debug.xcconfig */;
			buildSettings = {
				ALWAYS_EMBED_SWIFT_STANDARD_LIBRARIES = YES;
				CODE_SIGN_IDENTITY = "iPhone Developer";
				"CODE_SIGN_IDENTITY[sdk=iphoneos*]" = "";
				DEFINES_MODULE = YES;
				DYLIB_COMPATIBILITY_VERSION = 1;
				DYLIB_CURRENT_VERSION = 1;
				DYLIB_INSTALL_NAME_BASE = "@rpath";
				INFOPLIST_FILE = Rage/Info.plist;
				INSTALL_PATH = "$(LOCAL_LIBRARY_DIR)/Frameworks";
				IPHONEOS_DEPLOYMENT_TARGET = 10.0;
				LD_RUNPATH_SEARCH_PATHS = "$(inherited) @executable_path/Frameworks @loader_path/Frameworks";
				PRODUCT_BUNDLE_IDENTIFIER = mobi.gspd.Rage;
				PRODUCT_NAME = "$(TARGET_NAME)";
				SKIP_INSTALL = YES;
				SWIFT_SWIFT3_OBJC_INFERENCE = Default;
				SWIFT_VERSION = 4.0;
			};
			name = Debug;
		};
		8A6748E21D6B37200064467F /* Release */ = {
			isa = XCBuildConfiguration;
			baseConfigurationReference = 96D6E770F3431DCF81C8F188 /* Pods-Rage.release.xcconfig */;
			buildSettings = {
				ALWAYS_EMBED_SWIFT_STANDARD_LIBRARIES = YES;
				CODE_SIGN_IDENTITY = "iPhone Developer";
				"CODE_SIGN_IDENTITY[sdk=iphoneos*]" = "";
				DEFINES_MODULE = YES;
				DYLIB_COMPATIBILITY_VERSION = 1;
				DYLIB_CURRENT_VERSION = 1;
				DYLIB_INSTALL_NAME_BASE = "@rpath";
				INFOPLIST_FILE = Rage/Info.plist;
				INSTALL_PATH = "$(LOCAL_LIBRARY_DIR)/Frameworks";
				IPHONEOS_DEPLOYMENT_TARGET = 10.0;
				LD_RUNPATH_SEARCH_PATHS = "$(inherited) @executable_path/Frameworks @loader_path/Frameworks";
				PRODUCT_BUNDLE_IDENTIFIER = mobi.gspd.Rage;
				PRODUCT_NAME = "$(TARGET_NAME)";
				SKIP_INSTALL = YES;
				SWIFT_SWIFT3_OBJC_INFERENCE = Default;
				SWIFT_VERSION = 4.0;
			};
			name = Release;
		};
		8A6748E41D6B37200064467F /* Debug */ = {
			isa = XCBuildConfiguration;
			baseConfigurationReference = C0D605FA048EEBC82DDE9F0A /* Pods-RageTests.debug.xcconfig */;
			buildSettings = {
				ALWAYS_EMBED_SWIFT_STANDARD_LIBRARIES = YES;
				INFOPLIST_FILE = RageTests/Info.plist;
				IPHONEOS_DEPLOYMENT_TARGET = 10.0;
				LD_RUNPATH_SEARCH_PATHS = "$(inherited) @executable_path/Frameworks @loader_path/Frameworks";
				PRODUCT_BUNDLE_IDENTIFIER = mobi.gspd.RageTests;
				PRODUCT_NAME = "$(TARGET_NAME)";
				SWIFT_SWIFT3_OBJC_INFERENCE = Default;
				SWIFT_VERSION = 4.0;
			};
			name = Debug;
		};
		8A6748E51D6B37200064467F /* Release */ = {
			isa = XCBuildConfiguration;
			baseConfigurationReference = B4D0C91482A46F570CED8ECD /* Pods-RageTests.release.xcconfig */;
			buildSettings = {
				ALWAYS_EMBED_SWIFT_STANDARD_LIBRARIES = YES;
				INFOPLIST_FILE = RageTests/Info.plist;
				IPHONEOS_DEPLOYMENT_TARGET = 10.0;
				LD_RUNPATH_SEARCH_PATHS = "$(inherited) @executable_path/Frameworks @loader_path/Frameworks";
				PRODUCT_BUNDLE_IDENTIFIER = mobi.gspd.RageTests;
				PRODUCT_NAME = "$(TARGET_NAME)";
				SWIFT_SWIFT3_OBJC_INFERENCE = Default;
				SWIFT_VERSION = 4.0;
			};
			name = Release;
		};
		8A6748FA1D6B37620064467F /* Debug */ = {
			isa = XCBuildConfiguration;
			baseConfigurationReference = 321B8AC3666CFDC9EC4DD397 /* Pods-RageExample.debug.xcconfig */;
			buildSettings = {
				ALWAYS_EMBED_SWIFT_STANDARD_LIBRARIES = YES;
				ASSETCATALOG_COMPILER_APPICON_NAME = AppIcon;
				CODE_SIGN_IDENTITY = "iPhone Developer";
				"CODE_SIGN_IDENTITY[sdk=iphoneos*]" = "iPhone Developer";
				INFOPLIST_FILE = RageExample/Info.plist;
				IPHONEOS_DEPLOYMENT_TARGET = 10.0;
				LD_RUNPATH_SEARCH_PATHS = "$(inherited) @executable_path/Frameworks";
				PRODUCT_BUNDLE_IDENTIFIER = mobi.gspd.RageExample;
				PRODUCT_NAME = "$(TARGET_NAME)";
				PROVISIONING_PROFILE = "";
				SWIFT_VERSION = 4.0;
				TARGETED_DEVICE_FAMILY = 1;
			};
			name = Debug;
		};
		8A6748FB1D6B37620064467F /* Release */ = {
			isa = XCBuildConfiguration;
			baseConfigurationReference = 815B5A2DFB173B797B737907 /* Pods-RageExample.release.xcconfig */;
			buildSettings = {
				ALWAYS_EMBED_SWIFT_STANDARD_LIBRARIES = YES;
				ASSETCATALOG_COMPILER_APPICON_NAME = AppIcon;
				CODE_SIGN_IDENTITY = "iPhone Developer";
				"CODE_SIGN_IDENTITY[sdk=iphoneos*]" = "iPhone Developer";
				INFOPLIST_FILE = RageExample/Info.plist;
				IPHONEOS_DEPLOYMENT_TARGET = 10.0;
				LD_RUNPATH_SEARCH_PATHS = "$(inherited) @executable_path/Frameworks";
				PRODUCT_BUNDLE_IDENTIFIER = mobi.gspd.RageExample;
				PRODUCT_NAME = "$(TARGET_NAME)";
				PROVISIONING_PROFILE = "";
				SWIFT_VERSION = 4.0;
				TARGETED_DEVICE_FAMILY = 1;
			};
			name = Release;
		};
/* End XCBuildConfiguration section */

/* Begin XCConfigurationList section */
		8A6748C61D6B37200064467F /* Build configuration list for PBXProject "Rage" */ = {
			isa = XCConfigurationList;
			buildConfigurations = (
				8A6748DE1D6B37200064467F /* Debug */,
				8A6748DF1D6B37200064467F /* Release */,
			);
			defaultConfigurationIsVisible = 0;
			defaultConfigurationName = Release;
		};
		8A6748E01D6B37200064467F /* Build configuration list for PBXNativeTarget "Rage" */ = {
			isa = XCConfigurationList;
			buildConfigurations = (
				8A6748E11D6B37200064467F /* Debug */,
				8A6748E21D6B37200064467F /* Release */,
			);
			defaultConfigurationIsVisible = 0;
			defaultConfigurationName = Release;
		};
		8A6748E31D6B37200064467F /* Build configuration list for PBXNativeTarget "RageTests" */ = {
			isa = XCConfigurationList;
			buildConfigurations = (
				8A6748E41D6B37200064467F /* Debug */,
				8A6748E51D6B37200064467F /* Release */,
			);
			defaultConfigurationIsVisible = 0;
			defaultConfigurationName = Release;
		};
		8A6748F91D6B37620064467F /* Build configuration list for PBXNativeTarget "RageExample" */ = {
			isa = XCConfigurationList;
			buildConfigurations = (
				8A6748FA1D6B37620064467F /* Debug */,
				8A6748FB1D6B37620064467F /* Release */,
			);
			defaultConfigurationIsVisible = 0;
			defaultConfigurationName = Release;
		};
/* End XCConfigurationList section */
	};
	rootObject = 8A6748C31D6B37200064467F /* Project object */;
}
